// !$*UTF8*$!
{archiveVersion = 1; classes = {}; objectVersion = 56; objects = {
000000000000000000000064 = {isa = PBXFileReference; lastKnownFileType = sourcecode.swift; path = MailKitApp.swift; sourceTree = "<group>"; };
000000000000000000000065 = {isa = PBXFileReference; lastKnownFileType = sourcecode.swift; path = Models.swift; sourceTree = "<group>"; };
000000000000000000000066 = {isa = PBXFileReference; lastKnownFileType = sourcecode.swift; path = MailAPI.swift; sourceTree = "<group>"; };
000000000000000000000067 = {isa = PBXFileReference; lastKnownFileType = sourcecode.swift; path = Views.swift; sourceTree = "<group>"; };
000000000000000000000068 = {isa = PBXFileReference; lastKnownFileType = folder.assetcatalog; path = Assets.xcassets; sourceTree = "<group>"; };
000000000000000000000069 = {isa = PBXFileReference; lastKnownFileType = text.xml; path = PrivacyInfo.xcprivacy; sourceTree = "<group>"; };
0000000000000000000000C8 = {isa = PBXBuildFile; fileRef = 000000000000000000000064; };
0000000000000000000000C9 = {isa = PBXBuildFile; fileRef = 000000000000000000000065; };
0000000000000000000000CA = {isa = PBXBuildFile; fileRef = 000000000000000000000066; };
0000000000000000000000CB = {isa = PBXBuildFile; fileRef = 000000000000000000000067; };
0000000000000000000000CC = {isa = PBXBuildFile; fileRef = 000000000000000000000068; };
0000000000000000000000CD = {isa = PBXBuildFile; fileRef = 000000000000000000000069; };
000000000000000000000001 = {isa = PBXProject; attributes = {BuildIndependentTargetsInParallel = YES; LastUpgradeCheck = 2600; }; buildConfigurationList = 00000000000000000000000A; compatibilityVersion = "Xcode 14.0"; developmentRegion = en; knownRegions = (en, Base); mainGroup = 000000000000000000000002; productRefGroup = 000000000000000000000004; projectDirPath = ""; targets = (000000000000000000000005); };
000000000000000000000002 = {isa = PBXGroup; children = (000000000000000000000003, 000000000000000000000004); sourceTree = "<group>"; };
000000000000000000000003 = {isa = PBXGroup; children = (000000000000000000000064,000000000000000000000065,000000000000000000000066,000000000000000000000067,000000000000000000000068,000000000000000000000069); path = MailKit; sourceTree = "<group>"; };
000000000000000000000004 = {isa = PBXGroup; children = (000000000000000000000006); name = Products; sourceTree = "<group>"; };
000000000000000000000005 = {isa = PBXNativeTarget; buildConfigurationList = 00000000000000000000000B; buildPhases = (000000000000000000000007, 000000000000000000000008, 000000000000000000000009); buildRules = (); dependencies = (); name = MailKit; productName = MailKit; productReference = 000000000000000000000006; productType = "com.apple.product-type.application"; };
000000000000000000000006 = {isa = PBXFileReference; explicitFileType = wrapper.application; path = MailKit.app; sourceTree = BUILT_PRODUCTS_DIR; };
000000000000000000000007 = {isa = PBXSourcesBuildPhase; buildActionMask = 2147483647; files = (0000000000000000000000C8,0000000000000000000000C9,0000000000000000000000CA,0000000000000000000000CB); runOnlyForDeploymentPostprocessing = 0; };
000000000000000000000008 = {isa = PBXFrameworksBuildPhase; buildActionMask = 2147483647; files = (); runOnlyForDeploymentPostprocessing = 0; };
000000000000000000000009 = {isa = PBXResourcesBuildPhase; buildActionMask = 2147483647; files = (0000000000000000000000CC, 0000000000000000000000CD); runOnlyForDeploymentPostprocessing = 0; };
00000000000000000000000A = {isa = XCConfigurationList; buildConfigurations = (00000000000000000000000C, 00000000000000000000000D); defaultConfigurationIsVisible = 0; defaultConfigurationName = Release; };
00000000000000000000000B = {isa = XCConfigurationList; buildConfigurations = (00000000000000000000000E, 00000000000000000000000F); defaultConfigurationIsVisible = 0; defaultConfigurationName = Release; };
00000000000000000000000C = {isa = XCBuildConfiguration; buildSettings = {}; name = Debug; };
00000000000000000000000D = {isa = XCBuildConfiguration; buildSettings = {}; name = Release; };
00000000000000000000000E = {isa = XCBuildConfiguration; buildSettings = {CLANG_ENABLE_MODULES = YES; SWIFT_VERSION = 5.0; SWIFT_STRICT_CONCURRENCY = complete; IPHONEOS_DEPLOYMENT_TARGET = 17.0; MACOSX_DEPLOYMENT_TARGET = 14.0; SDKROOT = auto; SUPPORTED_PLATFORMS = "iphoneos iphonesimulator macosx"; TARGETED_DEVICE_FAMILY = "1,2"; PRODUCT_BUNDLE_IDENTIFIER = org.zermo.mailkit; PRODUCT_NAME = MailKit; MARKETING_VERSION = 0.2.0; CURRENT_PROJECT_VERSION = 4; DEVELOPMENT_TEAM = FMYLGYWYXW; CODE_SIGN_STYLE = Automatic; INFOPLIST_FILE = MailKit/Info.plist; GENERATE_INFOPLIST_FILE = NO; ASSETCATALOG_COMPILER_APPICON_NAME = AppIcon; ENABLE_HARDENED_RUNTIME = YES; "CODE_SIGN_ENTITLEMENTS[sdk=macosx*]" = MailKit/MailKit.entitlements; LD_RUNPATH_SEARCH_PATHS = "$(inherited) @executable_path/Frameworks @executable_path/../Frameworks"; ENABLE_USER_SCRIPT_SANDBOXING = YES; SWIFT_OPTIMIZATION_LEVEL = "-Onone"; DEBUG_INFORMATION_FORMAT = dwarf; SWIFT_ACTIVE_COMPILATION_CONDITIONS = DEBUG; }; name = Debug; };
00000000000000000000000F = {isa = XCBuildConfiguration; buildSettings = {CLANG_ENABLE_MODULES = YES; SWIFT_VERSION = 5.0; SWIFT_STRICT_CONCURRENCY = complete; IPHONEOS_DEPLOYMENT_TARGET = 17.0; MACOSX_DEPLOYMENT_TARGET = 14.0; SDKROOT = auto; SUPPORTED_PLATFORMS = "iphoneos iphonesimulator macosx"; TARGETED_DEVICE_FAMILY = "1,2"; PRODUCT_BUNDLE_IDENTIFIER = org.zermo.mailkit; PRODUCT_NAME = MailKit; MARKETING_VERSION = 0.2.0; CURRENT_PROJECT_VERSION = 4; DEVELOPMENT_TEAM = FMYLGYWYXW; CODE_SIGN_STYLE = Automatic; INFOPLIST_FILE = MailKit/Info.plist; GENERATE_INFOPLIST_FILE = NO; ASSETCATALOG_COMPILER_APPICON_NAME = AppIcon; ENABLE_HARDENED_RUNTIME = YES; "CODE_SIGN_ENTITLEMENTS[sdk=macosx*]" = MailKit/MailKit.entitlements; LD_RUNPATH_SEARCH_PATHS = "$(inherited) @executable_path/Frameworks @executable_path/../Frameworks"; ENABLE_USER_SCRIPT_SANDBOXING = YES; SWIFT_COMPILATION_MODE = wholemodule; DEBUG_INFORMATION_FORMAT = "dwarf-with-dsym"; }; name = Release; };
}; rootObject = 000000000000000000000001; }
